
Microsoft Visual Studio Solution File, Format Version 12.00
# Visual Studio Version 17
VisualStudioVersion = 17.4.33213.308
MinimumVisualStudioVersion = 10.0.40219.1
Project("{FAE04EC0-301F-11D3-BF4B-00C04F79EFBC}") = "Limit", "Limit\Limit.csproj", "{2DDF1F19-93B4-4BF6-8748-2555C931C06C}"
EndProject
Global
	GlobalSection(SolutionConfigurationPlatforms) = preSolution
		Debug|Any CPU = Debug|Any CPU
		Release|Any CPU = Release|Any CPU
	EndGlobalSection
	GlobalSection(ProjectConfigurationPlatforms) = postSolution
		{2DDF1F19-93B4-4BF6-8748-2555C931C06C}.Debug|Any CPU.ActiveCfg = Debug|Any CPU
		{2DDF1F19-93B4-4BF6-8748-2555C931C06C}.Debug|Any CPU.Build.0 = Debug|Any CPU
		{2DDF1F19-93B4-4BF6-8748-2555C931C06C}.Release|Any CPU.ActiveCfg = Release|Any CPU
		{2DDF1F19-93B4-4BF6-8748-2555C931C06C}.Release|Any CPU.Build.0 = Release|Any CPU
	EndGlobalSection
	GlobalSection(SolutionProperties) = preSolution
		HideSolutionNode = FALSE
	EndGlobalSection
	GlobalSection(ExtensibilityGlobals) = postSolution
		SolutionGuid = {49DE9FD1-F296-44BE-8EA1-33EA136A6E69}
	EndGlobalSection
EndGlobal
